
Microsoft Visual Studio Solution File, Format Version 12.00
# Visual Studio Version 17
VisualStudioVersion = 17.9.34622.214
MinimumVisualStudioVersion = 10.0.40219.1
Project("{2150E333-8FDC-42A3-9474-1A3956D46DE8}") = "src", "src", "{F35E7770-FFE9-41C1-A783-F4ED7D0357B5}"
EndProject
Project("{2150E333-8FDC-42A3-9474-1A3956D46DE8}") = "tests", "tests", "{E20A6115-15F4-4CC2-8EED-E93D9AC93D99}"
EndProject
Project("{9A19103F-16F7-4668-BE54-9A1E7A4F7556}") = "Blazor.Msal.Wasm", "src\Blazor.Msal.Wasm\Blazor.Msal.Wasm.csproj", "{58831D46-D8C7-44E3-87E3-96B25E668373}"
EndProject
Project("{FAE04EC0-301F-11D3-BF4B-00C04F79EFBC}") = "Blazor.Msal.Maui", "src\Blazor.Msal.Maui\Blazor.Msal.Maui.csproj", "{D21D21DE-CA32-4736-B87D-0CEC4C49DAE5}"
EndProject
Global
	GlobalSection(SolutionConfigurationPlatforms) = preSolution
		Debug|Any CPU = Debug|Any CPU
		Release|Any CPU = Release|Any CPU
	EndGlobalSection
	GlobalSection(ProjectConfigurationPlatforms) = postSolution
		{58831D46-D8C7-44E3-87E3-96B25E668373}.Debug|Any CPU.ActiveCfg = Debug|Any CPU
		{58831D46-D8C7-44E3-87E3-96B25E668373}.Debug|Any CPU.Build.0 = Debug|Any CPU
		{58831D46-D8C7-44E3-87E3-96B25E668373}.Release|Any CPU.ActiveCfg = Release|Any CPU
		{58831D46-D8C7-44E3-87E3-96B25E668373}.Release|Any CPU.Build.0 = Release|Any CPU
		{D21D21DE-CA32-4736-B87D-0CEC4C49DAE5}.Debug|Any CPU.ActiveCfg = Debug|Any CPU
		{D21D21DE-CA32-4736-B87D-0CEC4C49DAE5}.Debug|Any CPU.Build.0 = Debug|Any CPU
		{D21D21DE-CA32-4736-B87D-0CEC4C49DAE5}.Release|Any CPU.ActiveCfg = Release|Any CPU
		{D21D21DE-CA32-4736-B87D-0CEC4C49DAE5}.Release|Any CPU.Build.0 = Release|Any CPU
	EndGlobalSection
	GlobalSection(SolutionProperties) = preSolution
		HideSolutionNode = FALSE
	EndGlobalSection
	GlobalSection(NestedProjects) = preSolution
		{58831D46-D8C7-44E3-87E3-96B25E668373} = {F35E7770-FFE9-41C1-A783-F4ED7D0357B5}
		{D21D21DE-CA32-4736-B87D-0CEC4C49DAE5} = {F35E7770-FFE9-41C1-A783-F4ED7D0357B5}
	EndGlobalSection
	GlobalSection(ExtensibilityGlobals) = postSolution
		SolutionGuid = {CB69F7B6-0700-4B95-92D1-CFCF6CCA5C69}
	EndGlobalSection
EndGlobal
